
Microsoft Visual Studio Solution File, Format Version 12.00
# Visual Studio 2013
VisualStudioVersion = 12.0.40629.0
MinimumVisualStudioVersion = 10.0.40219.1
Project("{FAE04EC0-301F-11D3-BF4B-00C04F79EFBC}") = "client", "client.csproj", "{3B738231-3959-4677-A393-11A46DC5C829}"
EndProject
Project("{2150E333-8FDC-42A3-9474-1A3956D46DE8}") = ".nuget", ".nuget", "{7D14ED4A-D45D-4A2D-87E9-F0ED2340B2BF}"
	ProjectSection(SolutionItems) = preProject
		.nuget\packages.config = .nuget\packages.config
	EndProjectSection
EndProject
Project("{8BC9CEB8-8B4A-11D0-8D11-00A0C91BC942}") = "ModelLibrary", "ModelLibrary\ModelLibrary.vcxproj", "{31B99DCB-E75A-4316-B6C8-F9853AB4E10F}"
EndProject
Project("{FAE04EC0-301F-11D3-BF4B-00C04F79EFBC}") = "TreeDataGrid", "TreeDataGrid\TreeDataGrid.csproj", "{B4751F39-DCDC-44CB-9180-18CDA49053AA}"
EndProject
Global
	GlobalSection(SolutionConfigurationPlatforms) = preSolution
		Debug|Any CPU = Debug|Any CPU
		Debug|Mixed Platforms = Debug|Mixed Platforms
		Debug|Win32 = Debug|Win32
		Release|Any CPU = Release|Any CPU
		Release|Mixed Platforms = Release|Mixed Platforms
		Release|Win32 = Release|Win32
	EndGlobalSection
	GlobalSection(ProjectConfigurationPlatforms) = postSolution
		{3B738231-3959-4677-A393-11A46DC5C829}.Debug|Any CPU.ActiveCfg = Debug|Any CPU
		{3B738231-3959-4677-A393-11A46DC5C829}.Debug|Any CPU.Build.0 = Debug|Any CPU
		{3B738231-3959-4677-A393-11A46DC5C829}.Debug|Mixed Platforms.ActiveCfg = Debug|Any CPU
		{3B738231-3959-4677-A393-11A46DC5C829}.Debug|Mixed Platforms.Build.0 = Debug|Any CPU
		{3B738231-3959-4677-A393-11A46DC5C829}.Debug|Win32.ActiveCfg = Debug|Any CPU
		{3B738231-3959-4677-A393-11A46DC5C829}.Release|Any CPU.ActiveCfg = Release|Any CPU
		{3B738231-3959-4677-A393-11A46DC5C829}.Release|Any CPU.Build.0 = Release|Any CPU
		{3B738231-3959-4677-A393-11A46DC5C829}.Release|Mixed Platforms.ActiveCfg = Release|Any CPU
		{3B738231-3959-4677-A393-11A46DC5C829}.Release|Mixed Platforms.Build.0 = Release|Any CPU
		{3B738231-3959-4677-A393-11A46DC5C829}.Release|Win32.ActiveCfg = Release|Any CPU
		{31B99DCB-E75A-4316-B6C8-F9853AB4E10F}.Debug|Any CPU.ActiveCfg = Debug|Win32
		{31B99DCB-E75A-4316-B6C8-F9853AB4E10F}.Debug|Any CPU.Build.0 = Debug|Win32
		{31B99DCB-E75A-4316-B6C8-F9853AB4E10F}.Debug|Mixed Platforms.ActiveCfg = Debug|Win32
		{31B99DCB-E75A-4316-B6C8-F9853AB4E10F}.Debug|Mixed Platforms.Build.0 = Debug|Win32
		{31B99DCB-E75A-4316-B6C8-F9853AB4E10F}.Debug|Win32.ActiveCfg = Debug|Win32
		{31B99DCB-E75A-4316-B6C8-F9853AB4E10F}.Debug|Win32.Build.0 = Debug|Win32
		{31B99DCB-E75A-4316-B6C8-F9853AB4E10F}.Release|Any CPU.ActiveCfg = Release|Win32
		{31B99DCB-E75A-4316-B6C8-F9853AB4E10F}.Release|Mixed Platforms.ActiveCfg = Release|Win32
		{31B99DCB-E75A-4316-B6C8-F9853AB4E10F}.Release|Mixed Platforms.Build.0 = Release|Win32
		{31B99DCB-E75A-4316-B6C8-F9853AB4E10F}.Release|Win32.ActiveCfg = Release|Win32
		{31B99DCB-E75A-4316-B6C8-F9853AB4E10F}.Release|Win32.Build.0 = Release|Win32
		{B4751F39-DCDC-44CB-9180-18CDA49053AA}.Debug|Any CPU.ActiveCfg = Debug|Any CPU
		{B4751F39-DCDC-44CB-9180-18CDA49053AA}.Debug|Any CPU.Build.0 = Debug|Any CPU
		{B4751F39-DCDC-44CB-9180-18CDA49053AA}.Debug|Mixed Platforms.ActiveCfg = Debug|Any CPU
		{B4751F39-DCDC-44CB-9180-18CDA49053AA}.Debug|Mixed Platforms.Build.0 = Debug|Any CPU
		{B4751F39-DCDC-44CB-9180-18CDA49053AA}.Debug|Win32.ActiveCfg = Debug|Any CPU
		{B4751F39-DCDC-44CB-9180-18CDA49053AA}.Release|Any CPU.ActiveCfg = Release|Any CPU
		{B4751F39-DCDC-44CB-9180-18CDA49053AA}.Release|Any CPU.Build.0 = Release|Any CPU
		{B4751F39-DCDC-44CB-9180-18CDA49053AA}.Release|Mixed Platforms.ActiveCfg = Release|Any CPU
		{B4751F39-DCDC-44CB-9180-18CDA49053AA}.Release|Mixed Platforms.Build.0 = Release|Any CPU
		{B4751F39-DCDC-44CB-9180-18CDA49053AA}.Release|Win32.ActiveCfg = Release|Any CPU
	EndGlobalSection
	GlobalSection(SolutionProperties) = preSolution
		HideSolutionNode = FALSE
	EndGlobalSection
EndGlobal
